{
  "originHash" : "d526b956b2941e51520eb1a181d281939054defb03feb9302533a12952391e2e",
  "pins" : [
    {
      "identity" : "fluidaudio",
      "kind" : "remoteSourceControl",
      "location" : "https://github.com/FluidInference/FluidAudio.git",
      "state" : {
        "revision" : "57551cd90e0bbec342766244358bcf08afb05290",
        "version" : "0.13.6"
      }
    }
  ],
  "version" : 3
}
